
Microsoft Visual Studio Solution File, Format Version 12.00
# Visual Studio Version 17
VisualStudioVersion = 17.0.31903.59
MinimumVisualStudioVersion = 10.0.40219.1
Project("{2150E333-8FDC-42A3-9474-1A3956D46DE8}") = "Services", "Services", "{04AAA90B-3C64-4DB9-8D30-5708CFC44BD2}"
EndProject
Project("{2150E333-8FDC-42A3-9474-1A3956D46DE8}") = "DoctorAPI", "DoctorAPI", "{37659377-91C6-4D5F-92F4-72746446E9BB}"
EndProject
Project("{9A19103F-16F7-4668-BE54-9A1E7A4F7556}") = "DoctorAPI.Core", "Services\DoctorAPI\DoctorAPI.Core\DoctorAPI.Core.csproj", "{46A429BE-AAA4-459D-88FD-F436CD4ED049}"
EndProject
Project("{9A19103F-16F7-4668-BE54-9A1E7A4F7556}") = "DoctorAPI.Infrastructure", "Services\DoctorAPI\DoctorAPI.Infrastructure\DoctorAPI.Infrastructure.csproj", "{DDBC4A65-F9F2-482B-B82B-D68C14F08CBB}"
EndProject
Project("{9A19103F-16F7-4668-BE54-9A1E7A4F7556}") = "DoctorAPI.Application", "Services\DoctorAPI\DoctorAPI.Application\DoctorAPI.Application.csproj", "{95B1B969-AA44-4863-8CE2-560E0A34DA3E}"
EndProject
Project("{9A19103F-16F7-4668-BE54-9A1E7A4F7556}") = "DoctorAPI", "Services\DoctorAPI\DoctorAPI\DoctorAPI.csproj", "{18B9FBB2-BDCE-4121-832E-E0D6DFC6ECC8}"
EndProject
Project("{E53339B2-1760-4266-BCC7-CA923CBCF16C}") = "docker-compose", "docker-compose.dcproj", "{7E7F0CFE-4D20-4617-ACD0-262D94A84673}"
EndProject
Project("{2150E333-8FDC-42A3-9474-1A3956D46DE8}") = "AuthAPI", "AuthAPI", "{2106EBE9-E999-4D23-A490-72B063740560}"
EndProject
Project("{9A19103F-16F7-4668-BE54-9A1E7A4F7556}") = "AuthAPI.Core", "Services\AuthAPI\AuthAPI.Core\AuthAPI.Core.csproj", "{919AB734-6DB3-48C5-952E-13B437C54559}"
EndProject
Project("{9A19103F-16F7-4668-BE54-9A1E7A4F7556}") = "AuthAPI.Application", "Services\AuthAPI\AuthAPI.Application\AuthAPI.Application.csproj", "{9678A67A-F91E-404D-9A00-FE3FFD43931C}"
EndProject
Project("{9A19103F-16F7-4668-BE54-9A1E7A4F7556}") = "AuthAPI.Infrastructure", "Services\AuthAPI\AuthAPI.Infrastructure\AuthAPI.Infrastructure.csproj", "{288C5FE3-D0B8-4FE8-B7A3-8226776ACB2C}"
EndProject
Project("{FAE04EC0-301F-11D3-BF4B-00C04F79EFBC}") = "AuthAPI.Configuration", "Services\AuthAPI\AuthAPI.Configuration\AuthAPI.Configuration.csproj", "{D0D1D02A-390B-41BD-BFA2-1013695B6822}"
EndProject
Project("{FAE04EC0-301F-11D3-BF4B-00C04F79EFBC}") = "AuthAPI", "Services\AuthAPI\AuthAPI\AuthAPI.csproj", "{E8D37326-912F-4262-A6ED-DBE15A898C2C}"
EndProject
Global
	GlobalSection(SolutionConfigurationPlatforms) = preSolution
		Debug|Any CPU = Debug|Any CPU
		Release|Any CPU = Release|Any CPU
	EndGlobalSection
	GlobalSection(ProjectConfigurationPlatforms) = postSolution
		{46A429BE-AAA4-459D-88FD-F436CD4ED049}.Debug|Any CPU.ActiveCfg = Debug|Any CPU
		{46A429BE-AAA4-459D-88FD-F436CD4ED049}.Debug|Any CPU.Build.0 = Debug|Any CPU
		{46A429BE-AAA4-459D-88FD-F436CD4ED049}.Release|Any CPU.ActiveCfg = Release|Any CPU
		{46A429BE-AAA4-459D-88FD-F436CD4ED049}.Release|Any CPU.Build.0 = Release|Any CPU
		{DDBC4A65-F9F2-482B-B82B-D68C14F08CBB}.Debug|Any CPU.ActiveCfg = Debug|Any CPU
		{DDBC4A65-F9F2-482B-B82B-D68C14F08CBB}.Debug|Any CPU.Build.0 = Debug|Any CPU
		{DDBC4A65-F9F2-482B-B82B-D68C14F08CBB}.Release|Any CPU.ActiveCfg = Release|Any CPU
		{DDBC4A65-F9F2-482B-B82B-D68C14F08CBB}.Release|Any CPU.Build.0 = Release|Any CPU
		{95B1B969-AA44-4863-8CE2-560E0A34DA3E}.Debug|Any CPU.ActiveCfg = Debug|Any CPU
		{95B1B969-AA44-4863-8CE2-560E0A34DA3E}.Debug|Any CPU.Build.0 = Debug|Any CPU
		{95B1B969-AA44-4863-8CE2-560E0A34DA3E}.Release|Any CPU.ActiveCfg = Release|Any CPU
		{95B1B969-AA44-4863-8CE2-560E0A34DA3E}.Release|Any CPU.Build.0 = Release|Any CPU
		{18B9FBB2-BDCE-4121-832E-E0D6DFC6ECC8}.Debug|Any CPU.ActiveCfg = Debug|Any CPU
		{18B9FBB2-BDCE-4121-832E-E0D6DFC6ECC8}.Debug|Any CPU.Build.0 = Debug|Any CPU
		{18B9FBB2-BDCE-4121-832E-E0D6DFC6ECC8}.Release|Any CPU.ActiveCfg = Release|Any CPU
		{18B9FBB2-BDCE-4121-832E-E0D6DFC6ECC8}.Release|Any CPU.Build.0 = Release|Any CPU
		{7E7F0CFE-4D20-4617-ACD0-262D94A84673}.Debug|Any CPU.ActiveCfg = Debug|Any CPU
		{7E7F0CFE-4D20-4617-ACD0-262D94A84673}.Debug|Any CPU.Build.0 = Debug|Any CPU
		{7E7F0CFE-4D20-4617-ACD0-262D94A84673}.Release|Any CPU.ActiveCfg = Release|Any CPU
		{7E7F0CFE-4D20-4617-ACD0-262D94A84673}.Release|Any CPU.Build.0 = Release|Any CPU
		{919AB734-6DB3-48C5-952E-13B437C54559}.Debug|Any CPU.ActiveCfg = Debug|Any CPU
		{919AB734-6DB3-48C5-952E-13B437C54559}.Debug|Any CPU.Build.0 = Debug|Any CPU
		{919AB734-6DB3-48C5-952E-13B437C54559}.Release|Any CPU.ActiveCfg = Release|Any CPU
		{919AB734-6DB3-48C5-952E-13B437C54559}.Release|Any CPU.Build.0 = Release|Any CPU
		{9678A67A-F91E-404D-9A00-FE3FFD43931C}.Debug|Any CPU.ActiveCfg = Debug|Any CPU
		{9678A67A-F91E-404D-9A00-FE3FFD43931C}.Debug|Any CPU.Build.0 = Debug|Any CPU
		{9678A67A-F91E-404D-9A00-FE3FFD43931C}.Release|Any CPU.ActiveCfg = Release|Any CPU
		{9678A67A-F91E-404D-9A00-FE3FFD43931C}.Release|Any CPU.Build.0 = Release|Any CPU
		{288C5FE3-D0B8-4FE8-B7A3-8226776ACB2C}.Debug|Any CPU.ActiveCfg = Debug|Any CPU
		{288C5FE3-D0B8-4FE8-B7A3-8226776ACB2C}.Debug|Any CPU.Build.0 = Debug|Any CPU
		{288C5FE3-D0B8-4FE8-B7A3-8226776ACB2C}.Release|Any CPU.ActiveCfg = Release|Any CPU
		{288C5FE3-D0B8-4FE8-B7A3-8226776ACB2C}.Release|Any CPU.Build.0 = Release|Any CPU
		{D0D1D02A-390B-41BD-BFA2-1013695B6822}.Debug|Any CPU.ActiveCfg = Debug|Any CPU
		{D0D1D02A-390B-41BD-BFA2-1013695B6822}.Debug|Any CPU.Build.0 = Debug|Any CPU
		{D0D1D02A-390B-41BD-BFA2-1013695B6822}.Release|Any CPU.ActiveCfg = Release|Any CPU
		{D0D1D02A-390B-41BD-BFA2-1013695B6822}.Release|Any CPU.Build.0 = Release|Any CPU
		{E8D37326-912F-4262-A6ED-DBE15A898C2C}.Debug|Any CPU.ActiveCfg = Debug|Any CPU
		{E8D37326-912F-4262-A6ED-DBE15A898C2C}.Debug|Any CPU.Build.0 = Debug|Any CPU
		{E8D37326-912F-4262-A6ED-DBE15A898C2C}.Release|Any CPU.ActiveCfg = Release|Any CPU
		{E8D37326-912F-4262-A6ED-DBE15A898C2C}.Release|Any CPU.Build.0 = Release|Any CPU
	EndGlobalSection
	GlobalSection(SolutionProperties) = preSolution
		HideSolutionNode = FALSE
	EndGlobalSection
	GlobalSection(NestedProjects) = preSolution
		{37659377-91C6-4D5F-92F4-72746446E9BB} = {04AAA90B-3C64-4DB9-8D30-5708CFC44BD2}
		{46A429BE-AAA4-459D-88FD-F436CD4ED049} = {37659377-91C6-4D5F-92F4-72746446E9BB}
		{DDBC4A65-F9F2-482B-B82B-D68C14F08CBB} = {37659377-91C6-4D5F-92F4-72746446E9BB}
		{95B1B969-AA44-4863-8CE2-560E0A34DA3E} = {37659377-91C6-4D5F-92F4-72746446E9BB}
		{18B9FBB2-BDCE-4121-832E-E0D6DFC6ECC8} = {37659377-91C6-4D5F-92F4-72746446E9BB}
		{2106EBE9-E999-4D23-A490-72B063740560} = {04AAA90B-3C64-4DB9-8D30-5708CFC44BD2}
		{919AB734-6DB3-48C5-952E-13B437C54559} = {2106EBE9-E999-4D23-A490-72B063740560}
		{9678A67A-F91E-404D-9A00-FE3FFD43931C} = {2106EBE9-E999-4D23-A490-72B063740560}
		{288C5FE3-D0B8-4FE8-B7A3-8226776ACB2C} = {2106EBE9-E999-4D23-A490-72B063740560}
		{D0D1D02A-390B-41BD-BFA2-1013695B6822} = {2106EBE9-E999-4D23-A490-72B063740560}
		{E8D37326-912F-4262-A6ED-DBE15A898C2C} = {2106EBE9-E999-4D23-A490-72B063740560}
	EndGlobalSection
	GlobalSection(ExtensibilityGlobals) = postSolution
		SolutionGuid = {59028BF5-CB03-477C-8169-0ED85E6E44D9}
	EndGlobalSection
EndGlobal
